// !$*UTF8*$!
{
	archiveVersion = 1;
	classes = {
	};
	objectVersion = 51;
	objects = {

/* Begin PBXBuildFile section */
		0BD5BDC146488DC7AD00F8EA /* Pods_HoneyBits.framework in Frameworks */ = {isa = PBXBuildFile; fileRef = 62E461E760B99B774FB47708 /* Pods_HoneyBits.framework */; };
		1C0F3653B6F29A19D501CAAB /* Pods_HoneyBitsTests.framework in Frameworks */ = {isa = PBXBuildFile; fileRef = 5C636D69A3D1DCE55F9C6D98 /* Pods_HoneyBitsTests.framework */; };
		94689591791F5DCFE6CF9A41 /* Pods_HoneyBitsUITests.framework in Frameworks */ = {isa = PBXBuildFile; fileRef = 3796716515E095C76664E6F2 /* Pods_HoneyBitsUITests.framework */; };
		B272B8C222CED28500E124B4 /* UserAuthentication.storyboard in Resources */ = {isa = PBXBuildFile; fileRef = B272B8C422CED28500E124B4 /* UserAuthentication.storyboard */; };
		B272B8CB22CED34900E124B4 /* Localizable.strings in Resources */ = {isa = PBXBuildFile; fileRef = B272B8CD22CED34900E124B4 /* Localizable.strings */; };
		B272B8D022CEE65A00E124B4 /* LoginSelectViewController.swift in Sources */ = {isa = PBXBuildFile; fileRef = B272B8CF22CEE65A00E124B4 /* LoginSelectViewController.swift */; };
		B272B8D222CEE66200E124B4 /* SignInViewController.swift in Sources */ = {isa = PBXBuildFile; fileRef = B272B8D122CEE66200E124B4 /* SignInViewController.swift */; };
		B272B8D522CEE7E800E124B4 /* RecursiveDismissDelegate.swift in Sources */ = {isa = PBXBuildFile; fileRef = B272B8D422CEE7E800E124B4 /* RecursiveDismissDelegate.swift */; };
		B2745FD122D57EA500297A43 /* GuestView.xib in Resources */ = {isa = PBXBuildFile; fileRef = B2745FD022D57EA500297A43 /* GuestView.xib */; };
		B2745FD322D57EB500297A43 /* GuestView.swift in Sources */ = {isa = PBXBuildFile; fileRef = B2745FD222D57EB500297A43 /* GuestView.swift */; };
		B27D794522D42BC80012F5CD /* CustomerSearch.storyboard in Resources */ = {isa = PBXBuildFile; fileRef = B27D794422D42BC80012F5CD /* CustomerSearch.storyboard */; };
		B27D794722D42C5D0012F5CD /* CustomerYou.storyboard in Resources */ = {isa = PBXBuildFile; fileRef = B27D794622D42C5D0012F5CD /* CustomerYou.storyboard */; };
		B27D794922D42CEB0012F5CD /* CustomerCart.storyboard in Resources */ = {isa = PBXBuildFile; fileRef = B27D794822D42CEB0012F5CD /* CustomerCart.storyboard */; };
		B28F419B22D6DD8C00C7E2E6 /* UserAuthenticationNavigationController.swift in Sources */ = {isa = PBXBuildFile; fileRef = B28F419A22D6DD8C00C7E2E6 /* UserAuthenticationNavigationController.swift */; };
		B28F419D22D6DF7E00C7E2E6 /* LoginDelegate.swift in Sources */ = {isa = PBXBuildFile; fileRef = B28F419C22D6DF7E00C7E2E6 /* LoginDelegate.swift */; };
		B28F419F22D7603200C7E2E6 /* CustomerHomeView.xib in Resources */ = {isa = PBXBuildFile; fileRef = B28F419E22D7603200C7E2E6 /* CustomerHomeView.xib */; };
		B28F41A122D7604200C7E2E6 /* CustomerHomeView.swift in Sources */ = {isa = PBXBuildFile; fileRef = B28F41A022D7604200C7E2E6 /* CustomerHomeView.swift */; };
		B28F41A422D783BE00C7E2E6 /* CustomerFavoritesHomeViewController.swift in Sources */ = {isa = PBXBuildFile; fileRef = B28F41A322D783BE00C7E2E6 /* CustomerFavoritesHomeViewController.swift */; };
		B28F41A622D7A88C00C7E2E6 /* CustomerLoginViewController.swift in Sources */ = {isa = PBXBuildFile; fileRef = B28F41A522D7A88C00C7E2E6 /* CustomerLoginViewController.swift */; };
		B28F41A922D7B34E00C7E2E6 /* CustomerSearchViewController.swift in Sources */ = {isa = PBXBuildFile; fileRef = B28F41A822D7B34E00C7E2E6 /* CustomerSearchViewController.swift */; };
		B2A2E81922D0D51200DFDAB3 /* CustomerHome.storyboard in Resources */ = {isa = PBXBuildFile; fileRef = B2A2E81822D0D51200DFDAB3 /* CustomerHome.storyboard */; };
		B2A2E81B22D0D61800DFDAB3 /* CustomerFavorites.storyboard in Resources */ = {isa = PBXBuildFile; fileRef = B2A2E81A22D0D61800DFDAB3 /* CustomerFavorites.storyboard */; };
		B2A91D5622D018A400CBBA4E /* IAccountService.swift in Sources */ = {isa = PBXBuildFile; fileRef = B2A91D5522D018A400CBBA4E /* IAccountService.swift */; };
		B2A91D5822D01AFA00CBBA4E /* AccountService.swift in Sources */ = {isa = PBXBuildFile; fileRef = B2A91D5722D01AFA00CBBA4E /* AccountService.swift */; };
		B2F8358A22D6820900A9910C /* SignInDelegate.swift in Sources */ = {isa = PBXBuildFile; fileRef = B2F8358922D6820900A9910C /* SignInDelegate.swift */; };
		B2F8358E22D6837200A9910C /* CustomerHomeViewController.swift in Sources */ = {isa = PBXBuildFile; fileRef = B2F8358D22D6837200A9910C /* CustomerHomeViewController.swift */; };
		B2F8359122D6882F00A9910C /* UiViewXibExtension.swift in Sources */ = {isa = PBXBuildFile; fileRef = B2F8359022D6882F00A9910C /* UiViewXibExtension.swift */; };
		B2FC8EE622CA1FBD008CE65C /* AppDelegate.swift in Sources */ = {isa = PBXBuildFile; fileRef = B2FC8EE522CA1FBD008CE65C /* AppDelegate.swift */; };
		B2FC8EEB22CA1FBD008CE65C /* CustomerTabs.storyboard in Resources */ = {isa = PBXBuildFile; fileRef = B2FC8EE922CA1FBD008CE65C /* CustomerTabs.storyboard */; };
		B2FC8EED22CA1FBE008CE65C /* Assets.xcassets in Resources */ = {isa = PBXBuildFile; fileRef = B2FC8EEC22CA1FBE008CE65C /* Assets.xcassets */; };
		B2FC8EF022CA1FBE008CE65C /* LaunchScreen.storyboard in Resources */ = {isa = PBXBuildFile; fileRef = B2FC8EEE22CA1FBE008CE65C /* LaunchScreen.storyboard */; };
		B2FC8EFB22CA1FBE008CE65C /* HoneyBitsTests.swift in Sources */ = {isa = PBXBuildFile; fileRef = B2FC8EFA22CA1FBE008CE65C /* HoneyBitsTests.swift */; };
		B2FC8F0622CA1FBE008CE65C /* HoneyBitsUITests.swift in Sources */ = {isa = PBXBuildFile; fileRef = B2FC8F0522CA1FBE008CE65C /* HoneyBitsUITests.swift */; };
/* End PBXBuildFile section */

/* Begin PBXContainerItemProxy section */
		B2FC8EF722CA1FBE008CE65C /* PBXContainerItemProxy */ = {
			isa = PBXContainerItemProxy;
			containerPortal = B2FC8EDA22CA1FBD008CE65C /* Project object */;
			proxyType = 1;
			remoteGlobalIDString = B2FC8EE122CA1FBD008CE65C;
			remoteInfo = HoneyBits;
		};
		B2FC8F0222CA1FBE008CE65C /* PBXContainerItemProxy */ = {
			isa = PBXContainerItemProxy;
			containerPortal = B2FC8EDA22CA1FBD008CE65C /* Project object */;
			proxyType = 1;
			remoteGlobalIDString = B2FC8EE122CA1FBD008CE65C;
			remoteInfo = HoneyBits;
		};
/* End PBXContainerItemProxy section */

/* Begin PBXFileReference section */
		1E5BFC44C36379A4C726E008 /* Pods-HoneyBitsTests.release.xcconfig */ = {isa = PBXFileReference; includeInIndex = 1; lastKnownFileType = text.xcconfig; name = "Pods-HoneyBitsTests.release.xcconfig"; path = "Target Support Files/Pods-HoneyBitsTests/Pods-HoneyBitsTests.release.xcconfig"; sourceTree = "<group>"; };
		3796716515E095C76664E6F2 /* Pods_HoneyBitsUITests.framework */ = {isa = PBXFileReference; explicitFileType = wrapper.framework; includeInIndex = 0; path = Pods_HoneyBitsUITests.framework; sourceTree = BUILT_PRODUCTS_DIR; };
		5C636D69A3D1DCE55F9C6D98 /* Pods_HoneyBitsTests.framework */ = {isa = PBXFileReference; explicitFileType = wrapper.framework; includeInIndex = 0; path = Pods_HoneyBitsTests.framework; sourceTree = BUILT_PRODUCTS_DIR; };
		62E461E760B99B774FB47708 /* Pods_HoneyBits.framework */ = {isa = PBXFileReference; explicitFileType = wrapper.framework; includeInIndex = 0; path = Pods_HoneyBits.framework; sourceTree = BUILT_PRODUCTS_DIR; };
		633F27CAC33C5B685297B670 /* Pods-HoneyBits.debug.xcconfig */ = {isa = PBXFileReference; includeInIndex = 1; lastKnownFileType = text.xcconfig; name = "Pods-HoneyBits.debug.xcconfig"; path = "Target Support Files/Pods-HoneyBits/Pods-HoneyBits.debug.xcconfig"; sourceTree = "<group>"; };
		6E8B7938B853F1FCAA65E470 /* Pods-HoneyBitsUITests.debug.xcconfig */ = {isa = PBXFileReference; includeInIndex = 1; lastKnownFileType = text.xcconfig; name = "Pods-HoneyBitsUITests.debug.xcconfig"; path = "Target Support Files/Pods-HoneyBitsUITests/Pods-HoneyBitsUITests.debug.xcconfig"; sourceTree = "<group>"; };
		7AD7B5CBD81DB024E79092E7 /* Pods-HoneyBitsUITests.release.xcconfig */ = {isa = PBXFileReference; includeInIndex = 1; lastKnownFileType = text.xcconfig; name = "Pods-HoneyBitsUITests.release.xcconfig"; path = "Target Support Files/Pods-HoneyBitsUITests/Pods-HoneyBitsUITests.release.xcconfig"; sourceTree = "<group>"; };
		979A26B3C22A87F960576887 /* Pods-HoneyBitsTests.debug.xcconfig */ = {isa = PBXFileReference; includeInIndex = 1; lastKnownFileType = text.xcconfig; name = "Pods-HoneyBitsTests.debug.xcconfig"; path = "Target Support Files/Pods-HoneyBitsTests/Pods-HoneyBitsTests.debug.xcconfig"; sourceTree = "<group>"; };
		AF08A3412DFB48B7CEC50E1A /* Pods-HoneyBits.release.xcconfig */ = {isa = PBXFileReference; includeInIndex = 1; lastKnownFileType = text.xcconfig; name = "Pods-HoneyBits.release.xcconfig"; path = "Target Support Files/Pods-HoneyBits/Pods-HoneyBits.release.xcconfig"; sourceTree = "<group>"; };
		B272B8C122CED24F00E124B4 /* es-419 */ = {isa = PBXFileReference; lastKnownFileType = text.plist.strings; name = "es-419"; path = "es-419.lproj/LaunchScreen.strings"; sourceTree = "<group>"; };
		B272B8C322CED28500E124B4 /* Base */ = {isa = PBXFileReference; lastKnownFileType = file.storyboard; name = Base; path = Base.lproj/UserAuthentication.storyboard; sourceTree = "<group>"; };
		B272B8CC22CED34900E124B4 /* en */ = {isa = PBXFileReference; lastKnownFileType = text.plist.strings; name = en; path = en.lproj/Localizable.strings; sourceTree = "<group>"; };
		B272B8CE22CED34E00E124B4 /* es-419 */ = {isa = PBXFileReference; lastKnownFileType = text.plist.strings; name = "es-419"; path = "es-419.lproj/Localizable.strings"; sourceTree = "<group>"; };
		B272B8CF22CEE65A00E124B4 /* LoginSelectViewController.swift */ = {isa = PBXFileReference; lastKnownFileType = sourcecode.swift; path = LoginSelectViewController.swift; sourceTree = "<group>"; };
		B272B8D122CEE66200E124B4 /* SignInViewController.swift */ = {isa = PBXFileReference; lastKnownFileType = sourcecode.swift; path = SignInViewController.swift; sourceTree = "<group>"; };
		B272B8D422CEE7E800E124B4 /* RecursiveDismissDelegate.swift */ = {isa = PBXFileReference; lastKnownFileType = sourcecode.swift; path = RecursiveDismissDelegate.swift; sourceTree = "<group>"; };
		B2745FD022D57EA500297A43 /* GuestView.xib */ = {isa = PBXFileReference; lastKnownFileType = file.xib; path = GuestView.xib; sourceTree = "<group>"; };
		B2745FD222D57EB500297A43 /* GuestView.swift */ = {isa = PBXFileReference; lastKnownFileType = sourcecode.swift; path = GuestView.swift; sourceTree = "<group>"; };
		B27D794422D42BC80012F5CD /* CustomerSearch.storyboard */ = {isa = PBXFileReference; lastKnownFileType = file.storyboard; path = CustomerSearch.storyboard; sourceTree = "<group>"; };
		B27D794622D42C5D0012F5CD /* CustomerYou.storyboard */ = {isa = PBXFileReference; lastKnownFileType = file.storyboard; path = CustomerYou.storyboard; sourceTree = "<group>"; };
		B27D794822D42CEB0012F5CD /* CustomerCart.storyboard */ = {isa = PBXFileReference; lastKnownFileType = file.storyboard; path = CustomerCart.storyboard; sourceTree = "<group>"; };
		B28F419A22D6DD8C00C7E2E6 /* UserAuthenticationNavigationController.swift */ = {isa = PBXFileReference; lastKnownFileType = sourcecode.swift; path = UserAuthenticationNavigationController.swift; sourceTree = "<group>"; };
		B28F419C22D6DF7E00C7E2E6 /* LoginDelegate.swift */ = {isa = PBXFileReference; lastKnownFileType = sourcecode.swift; path = LoginDelegate.swift; sourceTree = "<group>"; };
		B28F419E22D7603200C7E2E6 /* CustomerHomeView.xib */ = {isa = PBXFileReference; lastKnownFileType = file.xib; path = CustomerHomeView.xib; sourceTree = "<group>"; };
		B28F41A022D7604200C7E2E6 /* CustomerHomeView.swift */ = {isa = PBXFileReference; lastKnownFileType = sourcecode.swift; path = CustomerHomeView.swift; sourceTree = "<group>"; };
		B28F41A322D783BE00C7E2E6 /* CustomerFavoritesHomeViewController.swift */ = {isa = PBXFileReference; lastKnownFileType = sourcecode.swift; path = CustomerFavoritesHomeViewController.swift; sourceTree = "<group>"; };
		B28F41A522D7A88C00C7E2E6 /* CustomerLoginViewController.swift */ = {isa = PBXFileReference; lastKnownFileType = sourcecode.swift; path = CustomerLoginViewController.swift; sourceTree = "<group>"; };
		B28F41A822D7B34E00C7E2E6 /* CustomerSearchViewController.swift */ = {isa = PBXFileReference; lastKnownFileType = sourcecode.swift; path = CustomerSearchViewController.swift; sourceTree = "<group>"; };
		B2A2E81822D0D51200DFDAB3 /* CustomerHome.storyboard */ = {isa = PBXFileReference; lastKnownFileType = file.storyboard; path = CustomerHome.storyboard; sourceTree = "<group>"; };
		B2A2E81A22D0D61800DFDAB3 /* CustomerFavorites.storyboard */ = {isa = PBXFileReference; lastKnownFileType = file.storyboard; path = CustomerFavorites.storyboard; sourceTree = "<group>"; };
		B2A91D5522D018A400CBBA4E /* IAccountService.swift */ = {isa = PBXFileReference; lastKnownFileType = sourcecode.swift; path = IAccountService.swift; sourceTree = "<group>"; };
		B2A91D5722D01AFA00CBBA4E /* AccountService.swift */ = {isa = PBXFileReference; lastKnownFileType = sourcecode.swift; path = AccountService.swift; sourceTree = "<group>"; };
		B2F8358922D6820900A9910C /* SignInDelegate.swift */ = {isa = PBXFileReference; lastKnownFileType = sourcecode.swift; path = SignInDelegate.swift; sourceTree = "<group>"; };
		B2F8358D22D6837200A9910C /* CustomerHomeViewController.swift */ = {isa = PBXFileReference; lastKnownFileType = sourcecode.swift; path = CustomerHomeViewController.swift; sourceTree = "<group>"; };
		B2F8359022D6882F00A9910C /* UiViewXibExtension.swift */ = {isa = PBXFileReference; lastKnownFileType = sourcecode.swift; path = UiViewXibExtension.swift; sourceTree = "<group>"; };
		B2FC8EE222CA1FBD008CE65C /* HoneyBits.app */ = {isa = PBXFileReference; explicitFileType = wrapper.application; includeInIndex = 0; path = HoneyBits.app; sourceTree = BUILT_PRODUCTS_DIR; };
		B2FC8EE522CA1FBD008CE65C /* AppDelegate.swift */ = {isa = PBXFileReference; lastKnownFileType = sourcecode.swift; path = AppDelegate.swift; sourceTree = "<group>"; };
		B2FC8EEA22CA1FBD008CE65C /* Base */ = {isa = PBXFileReference; lastKnownFileType = file.storyboard; name = Base; path = Base.lproj/CustomerTabs.storyboard; sourceTree = "<group>"; };
		B2FC8EEC22CA1FBE008CE65C /* Assets.xcassets */ = {isa = PBXFileReference; lastKnownFileType = folder.assetcatalog; path = Assets.xcassets; sourceTree = "<group>"; };
		B2FC8EEF22CA1FBE008CE65C /* Base */ = {isa = PBXFileReference; lastKnownFileType = file.storyboard; name = Base; path = Base.lproj/LaunchScreen.storyboard; sourceTree = "<group>"; };
		B2FC8EF122CA1FBE008CE65C /* Info.plist */ = {isa = PBXFileReference; lastKnownFileType = text.plist.xml; path = Info.plist; sourceTree = "<group>"; };
		B2FC8EF622CA1FBE008CE65C /* HoneyBitsTests.xctest */ = {isa = PBXFileReference; explicitFileType = wrapper.cfbundle; includeInIndex = 0; path = HoneyBitsTests.xctest; sourceTree = BUILT_PRODUCTS_DIR; };
		B2FC8EFA22CA1FBE008CE65C /* HoneyBitsTests.swift */ = {isa = PBXFileReference; lastKnownFileType = sourcecode.swift; path = HoneyBitsTests.swift; sourceTree = "<group>"; };
		B2FC8EFC22CA1FBE008CE65C /* Info.plist */ = {isa = PBXFileReference; lastKnownFileType = text.plist.xml; path = Info.plist; sourceTree = "<group>"; };
		B2FC8F0122CA1FBE008CE65C /* HoneyBitsUITests.xctest */ = {isa = PBXFileReference; explicitFileType = wrapper.cfbundle; includeInIndex = 0; path = HoneyBitsUITests.xctest; sourceTree = BUILT_PRODUCTS_DIR; };
		B2FC8F0522CA1FBE008CE65C /* HoneyBitsUITests.swift */ = {isa = PBXFileReference; lastKnownFileType = sourcecode.swift; path = HoneyBitsUITests.swift; sourceTree = "<group>"; };
		B2FC8F0722CA1FBE008CE65C /* Info.plist */ = {isa = PBXFileReference; lastKnownFileType = text.plist.xml; path = Info.plist; sourceTree = "<group>"; };
/* End PBXFileReference section */

/* Begin PBXFrameworksBuildPhase section */
		B2FC8EDF22CA1FBD008CE65C /* Frameworks */ = {
			isa = PBXFrameworksBuildPhase;
			buildActionMask = 2147483647;
			files = (
				0BD5BDC146488DC7AD00F8EA /* Pods_HoneyBits.framework in Frameworks */,
			);
			runOnlyForDeploymentPostprocessing = 0;
		};
		B2FC8EF322CA1FBE008CE65C /* Frameworks */ = {
			isa = PBXFrameworksBuildPhase;
			buildActionMask = 2147483647;
			files = (
				1C0F3653B6F29A19D501CAAB /* Pods_HoneyBitsTests.framework in Frameworks */,
			);
			runOnlyForDeploymentPostprocessing = 0;
		};
		B2FC8EFE22CA1FBE008CE65C /* Frameworks */ = {
			isa = PBXFrameworksBuildPhase;
			buildActionMask = 2147483647;
			files = (
				94689591791F5DCFE6CF9A41 /* Pods_HoneyBitsUITests.framework in Frameworks */,
			);
			runOnlyForDeploymentPostprocessing = 0;
		};
/* End PBXFrameworksBuildPhase section */

/* Begin PBXGroup section */
		329A663C18D8431F8D5AA002 /* Pods */ = {
			isa = PBXGroup;
			children = (
				633F27CAC33C5B685297B670 /* Pods-HoneyBits.debug.xcconfig */,
				AF08A3412DFB48B7CEC50E1A /* Pods-HoneyBits.release.xcconfig */,
				979A26B3C22A87F960576887 /* Pods-HoneyBitsTests.debug.xcconfig */,
				1E5BFC44C36379A4C726E008 /* Pods-HoneyBitsTests.release.xcconfig */,
				6E8B7938B853F1FCAA65E470 /* Pods-HoneyBitsUITests.debug.xcconfig */,
				7AD7B5CBD81DB024E79092E7 /* Pods-HoneyBitsUITests.release.xcconfig */,
			);
			path = Pods;
			sourceTree = "<group>";
		};
		B272B8BD22CED19400E124B4 /* Localization */ = {
			isa = PBXGroup;
			children = (
				B272B8CD22CED34900E124B4 /* Localizable.strings */,
			);
			path = Localization;
			sourceTree = "<group>";
		};
		B272B8D322CEE7C900E124B4 /* Account */ = {
			isa = PBXGroup;
			children = (
				B272B8D422CEE7E800E124B4 /* RecursiveDismissDelegate.swift */,
				B2F8358922D6820900A9910C /* SignInDelegate.swift */,
				B28F419C22D6DF7E00C7E2E6 /* LoginDelegate.swift */,
			);
			path = Account;
			sourceTree = "<group>";
		};
		B2745FC522D57D2F00297A43 /* Components */ = {
			isa = PBXGroup;
			children = (
				B2745FCE22D57E4900297A43 /* Customer */,
			);
			path = Components;
			sourceTree = "<group>";
		};
		B2745FC922D57D9D00297A43 /* Home */ = {
			isa = PBXGroup;
			children = (
				B2A2E81822D0D51200DFDAB3 /* CustomerHome.storyboard */,
			);
			path = Home;
			sourceTree = "<group>";
		};
		B2745FCA22D57DA200297A43 /* Favorites */ = {
			isa = PBXGroup;
			children = (
				B2A2E81A22D0D61800DFDAB3 /* CustomerFavorites.storyboard */,
			);
			path = Favorites;
			sourceTree = "<group>";
		};
		B2745FCB22D57DAD00297A43 /* Search */ = {
			isa = PBXGroup;
			children = (
				B27D794422D42BC80012F5CD /* CustomerSearch.storyboard */,
			);
			path = Search;
			sourceTree = "<group>";
		};
		B2745FCC22D57DB100297A43 /* You */ = {
			isa = PBXGroup;
			children = (
				B27D794622D42C5D0012F5CD /* CustomerYou.storyboard */,
			);
			path = You;
			sourceTree = "<group>";
		};
		B2745FCD22D57DB500297A43 /* Cart */ = {
			isa = PBXGroup;
			children = (
				B27D794822D42CEB0012F5CD /* CustomerCart.storyboard */,
			);
			path = Cart;
			sourceTree = "<group>";
		};
		B2745FCE22D57E4900297A43 /* Customer */ = {
			isa = PBXGroup;
			children = (
				B2745FD022D57EA500297A43 /* GuestView.xib */,
				B2745FD222D57EB500297A43 /* GuestView.swift */,
				B2745FCF22D57E5B00297A43 /* CustomerHome */,
			);
			path = Customer;
			sourceTree = "<group>";
		};
		B2745FCF22D57E5B00297A43 /* CustomerHome */ = {
			isa = PBXGroup;
			children = (
				B28F419E22D7603200C7E2E6 /* CustomerHomeView.xib */,
				B28F41A022D7604200C7E2E6 /* CustomerHomeView.swift */,
			);
			path = CustomerHome;
			sourceTree = "<group>";
		};
		B28F41A222D783A300C7E2E6 /* Favorites */ = {
			isa = PBXGroup;
			children = (
				B28F41A322D783BE00C7E2E6 /* CustomerFavoritesHomeViewController.swift */,
			);
			path = Favorites;
			sourceTree = "<group>";
		};
		B28F41A722D7B34100C7E2E6 /* Search */ = {
			isa = PBXGroup;
			children = (
				B28F41A822D7B34E00C7E2E6 /* CustomerSearchViewController.swift */,
			);
			path = Search;
			sourceTree = "<group>";
		};
		B2A2E81622D0D4B200DFDAB3 /* Customer */ = {
			isa = PBXGroup;
			children = (
				B2745FC922D57D9D00297A43 /* Home */,
				B2745FCD22D57DB500297A43 /* Cart */,
				B2745FCC22D57DB100297A43 /* You */,
				B2745FCB22D57DAD00297A43 /* Search */,
				B2745FCA22D57DA200297A43 /* Favorites */,
				B2FC8EE922CA1FBD008CE65C /* CustomerTabs.storyboard */,
			);
			path = Customer;
			sourceTree = "<group>";
		};
		B2A5813822CAD0F300C9C5D9 /* Controllers */ = {
			isa = PBXGroup;
			children = (
				B2F8358B22D6834F00A9910C /* Customer */,
				B2E13D3522CECFDB0074607C /* Account */,
			);
			path = Controllers;
			sourceTree = "<group>";
		};
		B2A5813922CAD0F900C9C5D9 /* Views */ = {
			isa = PBXGroup;
			children = (
				B2A2E81622D0D4B200DFDAB3 /* Customer */,
				B2DD098322CAF8D100A98586 /* Account */,
			);
			path = Views;
			sourceTree = "<group>";
		};
		B2A5813A22CAD10100C9C5D9 /* Models */ = {
			isa = PBXGroup;
			children = (
			);
			path = Models;
			sourceTree = "<group>";
		};
		B2A91D5422D0184500CBBA4E /* Delegates */ = {
			isa = PBXGroup;
			children = (
				B272B8D322CEE7C900E124B4 /* Account */,
			);
			path = Delegates;
			sourceTree = "<group>";
		};
		B2DD098322CAF8D100A98586 /* Account */ = {
			isa = PBXGroup;
			children = (
				B272B8C422CED28500E124B4 /* UserAuthentication.storyboard */,
			);
			path = Account;
			sourceTree = "<group>";
		};
		B2E13D3522CECFDB0074607C /* Account */ = {
			isa = PBXGroup;
			children = (
				B272B8CF22CEE65A00E124B4 /* LoginSelectViewController.swift */,
				B272B8D122CEE66200E124B4 /* SignInViewController.swift */,
				B28F419A22D6DD8C00C7E2E6 /* UserAuthenticationNavigationController.swift */,
			);
			path = Account;
			sourceTree = "<group>";
		};
		B2E13D3622CECFF30074607C /* Protocols */ = {
			isa = PBXGroup;
			children = (
				B2A91D5522D018A400CBBA4E /* IAccountService.swift */,
			);
			path = Protocols;
			sourceTree = "<group>";
		};
		B2E13D3722CED07D0074607C /* Services */ = {
			isa = PBXGroup;
			children = (
				B2A91D5722D01AFA00CBBA4E /* AccountService.swift */,
			);
			path = Services;
			sourceTree = "<group>";
		};
		B2F8358B22D6834F00A9910C /* Customer */ = {
			isa = PBXGroup;
			children = (
				B28F41A722D7B34100C7E2E6 /* Search */,
				B28F41A522D7A88C00C7E2E6 /* CustomerLoginViewController.swift */,
				B28F41A222D783A300C7E2E6 /* Favorites */,
				B2F8358C22D6835100A9910C /* Home */,
			);
			path = Customer;
			sourceTree = "<group>";
		};
		B2F8358C22D6835100A9910C /* Home */ = {
			isa = PBXGroup;
			children = (
				B2F8358D22D6837200A9910C /* CustomerHomeViewController.swift */,
			);
			path = Home;
			sourceTree = "<group>";
		};
		B2F8358F22D6881F00A9910C /* Extensions */ = {
			isa = PBXGroup;
			children = (
				B2F8359022D6882F00A9910C /* UiViewXibExtension.swift */,
			);
			path = Extensions;
			sourceTree = "<group>";
		};
		B2FC8ED922CA1FBD008CE65C = {
			isa = PBXGroup;
			children = (
				B2FC8EE422CA1FBD008CE65C /* HoneyBits */,
				B2FC8EF922CA1FBE008CE65C /* HoneyBitsTests */,
				B2FC8F0422CA1FBE008CE65C /* HoneyBitsUITests */,
				329A663C18D8431F8D5AA002 /* Pods */,
				E7BE4C7547E88F5B785918BB /* Frameworks */,
			);
			sourceTree = "<group>";
		};
		B2FC8EE322CA1FBD008CE65C /* Products */ = {
			isa = PBXGroup;
			children = (
				B2FC8EE222CA1FBD008CE65C /* HoneyBits.app */,
				B2FC8EF622CA1FBE008CE65C /* HoneyBitsTests.xctest */,
				B2FC8F0122CA1FBE008CE65C /* HoneyBitsUITests.xctest */,
			);
			name = Products;
			path = ..;
			sourceTree = "<group>";
		};
		B2FC8EE422CA1FBD008CE65C /* HoneyBits */ = {
			isa = PBXGroup;
			children = (
				B2F8358F22D6881F00A9910C /* Extensions */,
				B2A91D5422D0184500CBBA4E /* Delegates */,
				B272B8BD22CED19400E124B4 /* Localization */,
				B2E13D3722CED07D0074607C /* Services */,
				B2E13D3622CECFF30074607C /* Protocols */,
				B2A5813A22CAD10100C9C5D9 /* Models */,
				B2A5813922CAD0F900C9C5D9 /* Views */,
				B2A5813822CAD0F300C9C5D9 /* Controllers */,
				B2745FC522D57D2F00297A43 /* Components */,
				B2FC8EEC22CA1FBE008CE65C /* Assets.xcassets */,
				B2FC8EEE22CA1FBE008CE65C /* LaunchScreen.storyboard */,
				B2FC8EF122CA1FBE008CE65C /* Info.plist */,
				B2FC8EE522CA1FBD008CE65C /* AppDelegate.swift */,
			);
			path = HoneyBits;
			sourceTree = "<group>";
		};
		B2FC8EF922CA1FBE008CE65C /* HoneyBitsTests */ = {
			isa = PBXGroup;
			children = (
				B2FC8EE322CA1FBD008CE65C /* Products */,
				B2FC8EFA22CA1FBE008CE65C /* HoneyBitsTests.swift */,
				B2FC8EFC22CA1FBE008CE65C /* Info.plist */,
			);
			path = HoneyBitsTests;
			sourceTree = "<group>";
		};
		B2FC8F0422CA1FBE008CE65C /* HoneyBitsUITests */ = {
			isa = PBXGroup;
			children = (
				B2FC8F0522CA1FBE008CE65C /* HoneyBitsUITests.swift */,
				B2FC8F0722CA1FBE008CE65C /* Info.plist */,
			);
			path = HoneyBitsUITests;
			sourceTree = "<group>";
		};
		E7BE4C7547E88F5B785918BB /* Frameworks */ = {
			isa = PBXGroup;
			children = (
				62E461E760B99B774FB47708 /* Pods_HoneyBits.framework */,
				5C636D69A3D1DCE55F9C6D98 /* Pods_HoneyBitsTests.framework */,
				3796716515E095C76664E6F2 /* Pods_HoneyBitsUITests.framework */,
			);
			name = Frameworks;
			sourceTree = "<group>";
		};
/* End PBXGroup section */

/* Begin PBXNativeTarget section */
		B2FC8EE122CA1FBD008CE65C /* HoneyBits */ = {
			isa = PBXNativeTarget;
			buildConfigurationList = B2FC8F0A22CA1FBE008CE65C /* Build configuration list for PBXNativeTarget "HoneyBits" */;
			buildPhases = (
				83EBBBDDAF5156B2DB196107 /* [CP] Check Pods Manifest.lock */,
				B2FC8EDE22CA1FBD008CE65C /* Sources */,
				B2FC8EDF22CA1FBD008CE65C /* Frameworks */,
				B2FC8EE022CA1FBD008CE65C /* Resources */,
				1E24BA6FF82DFBBCDEC0D0A5 /* [CP] Embed Pods Frameworks */,
			);
			buildRules = (
			);
			dependencies = (
			);
			name = HoneyBits;
			productName = HoneyBits;
			productReference = B2FC8EE222CA1FBD008CE65C /* HoneyBits.app */;
			productType = "com.apple.product-type.application";
		};
		B2FC8EF522CA1FBE008CE65C /* HoneyBitsTests */ = {
			isa = PBXNativeTarget;
			buildConfigurationList = B2FC8F0D22CA1FBE008CE65C /* Build configuration list for PBXNativeTarget "HoneyBitsTests" */;
			buildPhases = (
				AAD06AB13315226901A9F6EA /* [CP] Check Pods Manifest.lock */,
				B2FC8EF222CA1FBE008CE65C /* Sources */,
				B2FC8EF322CA1FBE008CE65C /* Frameworks */,
				B2FC8EF422CA1FBE008CE65C /* Resources */,
			);
			buildRules = (
			);
			dependencies = (
				B2FC8EF822CA1FBE008CE65C /* PBXTargetDependency */,
			);
			name = HoneyBitsTests;
			productName = HoneyBitsTests;
			productReference = B2FC8EF622CA1FBE008CE65C /* HoneyBitsTests.xctest */;
			productType = "com.apple.product-type.bundle.unit-test";
		};
		B2FC8F0022CA1FBE008CE65C /* HoneyBitsUITests */ = {
			isa = PBXNativeTarget;
			buildConfigurationList = B2FC8F1022CA1FBE008CE65C /* Build configuration list for PBXNativeTarget "HoneyBitsUITests" */;
			buildPhases = (
				FA57FF2454AF294CBD311678 /* [CP] Check Pods Manifest.lock */,
				B2FC8EFD22CA1FBE008CE65C /* Sources */,
				B2FC8EFE22CA1FBE008CE65C /* Frameworks */,
				B2FC8EFF22CA1FBE008CE65C /* Resources */,
			);
			buildRules = (
			);
			dependencies = (
				B2FC8F0322CA1FBE008CE65C /* PBXTargetDependency */,
			);
			name = HoneyBitsUITests;
			productName = HoneyBitsUITests;
			productReference = B2FC8F0122CA1FBE008CE65C /* HoneyBitsUITests.xctest */;
			productType = "com.apple.product-type.bundle.ui-testing";
		};
/* End PBXNativeTarget section */

/* Begin PBXProject section */
		B2FC8EDA22CA1FBD008CE65C /* Project object */ = {
			isa = PBXProject;
			attributes = {
				LastSwiftUpdateCheck = 1020;
				LastUpgradeCheck = 1020;
				ORGANIZATIONNAME = "Juan Daniel Ozuna Espinal";
				TargetAttributes = {
					B2FC8EE122CA1FBD008CE65C = {
						CreatedOnToolsVersion = 10.2.1;
					};
					B2FC8EF522CA1FBE008CE65C = {
						CreatedOnToolsVersion = 10.2.1;
						TestTargetID = B2FC8EE122CA1FBD008CE65C;
					};
					B2FC8F0022CA1FBE008CE65C = {
						CreatedOnToolsVersion = 10.2.1;
						TestTargetID = B2FC8EE122CA1FBD008CE65C;
					};
				};
			};
			buildConfigurationList = B2FC8EDD22CA1FBD008CE65C /* Build configuration list for PBXProject "HoneyBits" */;
			compatibilityVersion = "Xcode 9.3";
			developmentRegion = en;
			hasScannedForEncodings = 0;
			knownRegions = (
				en,
				Base,
				"es-419",
			);
			mainGroup = B2FC8ED922CA1FBD008CE65C;
			productRefGroup = B2FC8EE322CA1FBD008CE65C /* Products */;
			projectDirPath = "";
			projectRoot = "";
			targets = (
				B2FC8EE122CA1FBD008CE65C /* HoneyBits */,
				B2FC8EF522CA1FBE008CE65C /* HoneyBitsTests */,
				B2FC8F0022CA1FBE008CE65C /* HoneyBitsUITests */,
			);
		};
/* End PBXProject section */

/* Begin PBXResourcesBuildPhase section */
		B2FC8EE022CA1FBD008CE65C /* Resources */ = {
			isa = PBXResourcesBuildPhase;
			buildActionMask = 2147483647;
			files = (
				B27D794522D42BC80012F5CD /* CustomerSearch.storyboard in Resources */,
				B272B8CB22CED34900E124B4 /* Localizable.strings in Resources */,
				B2A2E81922D0D51200DFDAB3 /* CustomerHome.storyboard in Resources */,
				B272B8C222CED28500E124B4 /* UserAuthentication.storyboard in Resources */,
				B27D794922D42CEB0012F5CD /* CustomerCart.storyboard in Resources */,
				B2FC8EF022CA1FBE008CE65C /* LaunchScreen.storyboard in Resources */,
				B2FC8EED22CA1FBE008CE65C /* Assets.xcassets in Resources */,
				B27D794722D42C5D0012F5CD /* CustomerYou.storyboard in Resources */,
				B2745FD122D57EA500297A43 /* GuestView.xib in Resources */,
				B2A2E81B22D0D61800DFDAB3 /* CustomerFavorites.storyboard in Resources */,
				B2FC8EEB22CA1FBD008CE65C /* CustomerTabs.storyboard in Resources */,
				B28F419F22D7603200C7E2E6 /* CustomerHomeView.xib in Resources */,
			);
			runOnlyForDeploymentPostprocessing = 0;
		};
		B2FC8EF422CA1FBE008CE65C /* Resources */ = {
			isa = PBXResourcesBuildPhase;
			buildActionMask = 2147483647;
			files = (
			);
			runOnlyForDeploymentPostprocessing = 0;
		};
		B2FC8EFF22CA1FBE008CE65C /* Resources */ = {
			isa = PBXResourcesBuildPhase;
			buildActionMask = 2147483647;
			files = (
			);
			runOnlyForDeploymentPostprocessing = 0;
		};
/* End PBXResourcesBuildPhase section */

/* Begin PBXShellScriptBuildPhase section */
		1E24BA6FF82DFBBCDEC0D0A5 /* [CP] Embed Pods Frameworks */ = {
			isa = PBXShellScriptBuildPhase;
			buildActionMask = 2147483647;
			files = (
			);
			inputFileListPaths = (
				"${PODS_ROOT}/Target Support Files/Pods-HoneyBits/Pods-HoneyBits-frameworks-${CONFIGURATION}-input-files.xcfilelist",
			);
			name = "[CP] Embed Pods Frameworks";
			outputFileListPaths = (
				"${PODS_ROOT}/Target Support Files/Pods-HoneyBits/Pods-HoneyBits-frameworks-${CONFIGURATION}-output-files.xcfilelist",
			);
			runOnlyForDeploymentPostprocessing = 0;
			shellPath = /bin/sh;
			shellScript = "\"${PODS_ROOT}/Target Support Files/Pods-HoneyBits/Pods-HoneyBits-frameworks.sh\"\n";
			showEnvVarsInLog = 0;
		};
		83EBBBDDAF5156B2DB196107 /* [CP] Check Pods Manifest.lock */ = {
			isa = PBXShellScriptBuildPhase;
			buildActionMask = 2147483647;
			files = (
			);
			inputFileListPaths = (
			);
			inputPaths = (
				"${PODS_PODFILE_DIR_PATH}/Podfile.lock",
				"${PODS_ROOT}/Manifest.lock",
			);
			name = "[CP] Check Pods Manifest.lock";
			outputFileListPaths = (
			);
			outputPaths = (
				"$(DERIVED_FILE_DIR)/Pods-HoneyBits-checkManifestLockResult.txt",
			);
			runOnlyForDeploymentPostprocessing = 0;
			shellPath = /bin/sh;
			shellScript = "diff \"${PODS_PODFILE_DIR_PATH}/Podfile.lock\" \"${PODS_ROOT}/Manifest.lock\" > /dev/null\nif [ $? != 0 ] ; then\n    # print error to STDERR\n    echo \"error: The sandbox is not in sync with the Podfile.lock. Run 'pod install' or update your CocoaPods installation.\" >&2\n    exit 1\nfi\n# This output is used by Xcode 'outputs' to avoid re-running this script phase.\necho \"SUCCESS\" > \"${SCRIPT_OUTPUT_FILE_0}\"\n";
			showEnvVarsInLog = 0;
		};
		AAD06AB13315226901A9F6EA /* [CP] Check Pods Manifest.lock */ = {
			isa = PBXShellScriptBuildPhase;
			buildActionMask = 2147483647;
			files = (
			);
			inputFileListPaths = (
			);
			inputPaths = (
				"${PODS_PODFILE_DIR_PATH}/Podfile.lock",
				"${PODS_ROOT}/Manifest.lock",
			);
			name = "[CP] Check Pods Manifest.lock";
			outputFileListPaths = (
			);
			outputPaths = (
				"$(DERIVED_FILE_DIR)/Pods-HoneyBitsTests-checkManifestLockResult.txt",
			);
			runOnlyForDeploymentPostprocessing = 0;
			shellPath = /bin/sh;
			shellScript = "diff \"${PODS_PODFILE_DIR_PATH}/Podfile.lock\" \"${PODS_ROOT}/Manifest.lock\" > /dev/null\nif [ $? != 0 ] ; then\n    # print error to STDERR\n    echo \"error: The sandbox is not in sync with the Podfile.lock. Run 'pod install' or update your CocoaPods installation.\" >&2\n    exit 1\nfi\n# This output is used by Xcode 'outputs' to avoid re-running this script phase.\necho \"SUCCESS\" > \"${SCRIPT_OUTPUT_FILE_0}\"\n";
			showEnvVarsInLog = 0;
		};
		FA57FF2454AF294CBD311678 /* [CP] Check Pods Manifest.lock */ = {
			isa = PBXShellScriptBuildPhase;
			buildActionMask = 2147483647;
			files = (
			);
			inputFileListPaths = (
			);
			inputPaths = (
				"${PODS_PODFILE_DIR_PATH}/Podfile.lock",
				"${PODS_ROOT}/Manifest.lock",
			);
			name = "[CP] Check Pods Manifest.lock";
			outputFileListPaths = (
			);
			outputPaths = (
				"$(DERIVED_FILE_DIR)/Pods-HoneyBitsUITests-checkManifestLockResult.txt",
			);
			runOnlyForDeploymentPostprocessing = 0;
			shellPath = /bin/sh;
			shellScript = "diff \"${PODS_PODFILE_DIR_PATH}/Podfile.lock\" \"${PODS_ROOT}/Manifest.lock\" > /dev/null\nif [ $? != 0 ] ; then\n    # print error to STDERR\n    echo \"error: The sandbox is not in sync with the Podfile.lock. Run 'pod install' or update your CocoaPods installation.\" >&2\n    exit 1\nfi\n# This output is used by Xcode 'outputs' to avoid re-running this script phase.\necho \"SUCCESS\" > \"${SCRIPT_OUTPUT_FILE_0}\"\n";
			showEnvVarsInLog = 0;
		};
/* End PBXShellScriptBuildPhase section */

/* Begin PBXSourcesBuildPhase section */
		B2FC8EDE22CA1FBD008CE65C /* Sources */ = {
			isa = PBXSourcesBuildPhase;
			buildActionMask = 2147483647;
			files = (
				B2F8359122D6882F00A9910C /* UiViewXibExtension.swift in Sources */,
				B28F419B22D6DD8C00C7E2E6 /* UserAuthenticationNavigationController.swift in Sources */,
				B272B8D522CEE7E800E124B4 /* RecursiveDismissDelegate.swift in Sources */,
				B28F41A622D7A88C00C7E2E6 /* CustomerLoginViewController.swift in Sources */,
				B28F41A922D7B34E00C7E2E6 /* CustomerSearchViewController.swift in Sources */,
				B272B8D022CEE65A00E124B4 /* LoginSelectViewController.swift in Sources */,
				B2F8358A22D6820900A9910C /* SignInDelegate.swift in Sources */,
				B28F41A422D783BE00C7E2E6 /* CustomerFavoritesHomeViewController.swift in Sources */,
				B2745FD322D57EB500297A43 /* GuestView.swift in Sources */,
				B272B8D222CEE66200E124B4 /* SignInViewController.swift in Sources */,
				B28F41A122D7604200C7E2E6 /* CustomerHomeView.swift in Sources */,
				B2A91D5822D01AFA00CBBA4E /* AccountService.swift in Sources */,
				B28F419D22D6DF7E00C7E2E6 /* LoginDelegate.swift in Sources */,
				B2F8358E22D6837200A9910C /* CustomerHomeViewController.swift in Sources */,
				B2FC8EE622CA1FBD008CE65C /* AppDelegate.swift in Sources */,
				B2A91D5622D018A400CBBA4E /* IAccountService.swift in Sources */,
			);
			runOnlyForDeploymentPostprocessing = 0;
		};
		B2FC8EF222CA1FBE008CE65C /* Sources */ = {
			isa = PBXSourcesBuildPhase;
			buildActionMask = 2147483647;
			files = (
				B2FC8EFB22CA1FBE008CE65C /* HoneyBitsTests.swift in Sources */,
			);
			runOnlyForDeploymentPostprocessing = 0;
		};
		B2FC8EFD22CA1FBE008CE65C /* Sources */ = {
			isa = PBXSourcesBuildPhase;
			buildActionMask = 2147483647;
			files = (
				B2FC8F0622CA1FBE008CE65C /* HoneyBitsUITests.swift in Sources */,
			);
			runOnlyForDeploymentPostprocessing = 0;
		};
/* End PBXSourcesBuildPhase section */

/* Begin PBXTargetDependency section */
		B2FC8EF822CA1FBE008CE65C /* PBXTargetDependency */ = {
			isa = PBXTargetDependency;
			target = B2FC8EE122CA1FBD008CE65C /* HoneyBits */;
			targetProxy = B2FC8EF722CA1FBE008CE65C /* PBXContainerItemProxy */;
		};
		B2FC8F0322CA1FBE008CE65C /* PBXTargetDependency */ = {
			isa = PBXTargetDependency;
			target = B2FC8EE122CA1FBD008CE65C /* HoneyBits */;
			targetProxy = B2FC8F0222CA1FBE008CE65C /* PBXContainerItemProxy */;
		};
/* End PBXTargetDependency section */

/* Begin PBXVariantGroup section */
		B272B8C422CED28500E124B4 /* UserAuthentication.storyboard */ = {
			isa = PBXVariantGroup;
			children = (
				B272B8C322CED28500E124B4 /* Base */,
			);
			name = UserAuthentication.storyboard;
			sourceTree = "<group>";
		};
		B272B8CD22CED34900E124B4 /* Localizable.strings */ = {
			isa = PBXVariantGroup;
			children = (
				B272B8CC22CED34900E124B4 /* en */,
				B272B8CE22CED34E00E124B4 /* es-419 */,
			);
			name = Localizable.strings;
			sourceTree = "<group>";
		};
		B2FC8EE922CA1FBD008CE65C /* CustomerTabs.storyboard */ = {
			isa = PBXVariantGroup;
			children = (
				B2FC8EEA22CA1FBD008CE65C /* Base */,
			);
			name = CustomerTabs.storyboard;
			sourceTree = "<group>";
		};
		B2FC8EEE22CA1FBE008CE65C /* LaunchScreen.storyboard */ = {
			isa = PBXVariantGroup;
			children = (
				B2FC8EEF22CA1FBE008CE65C /* Base */,
				B272B8C122CED24F00E124B4 /* es-419 */,
			);
			name = LaunchScreen.storyboard;
			sourceTree = "<group>";
		};
/* End PBXVariantGroup section */

/* Begin XCBuildConfiguration section */
		B2FC8F0822CA1FBE008CE65C /* Debug */ = {
			isa = XCBuildConfiguration;
			buildSettings = {
				ALWAYS_SEARCH_USER_PATHS = NO;
				CLANG_ANALYZER_LOCALIZABILITY_NONLOCALIZED = YES;
				CLANG_ANALYZER_NONNULL = YES;
				CLANG_ANALYZER_NUMBER_OBJECT_CONVERSION = YES_AGGRESSIVE;
				CLANG_CXX_LANGUAGE_STANDARD = "gnu++14";
				CLANG_CXX_LIBRARY = "libc++";
				CLANG_ENABLE_MODULES = YES;
				CLANG_ENABLE_OBJC_ARC = YES;
				CLANG_ENABLE_OBJC_WEAK = YES;
				CLANG_WARN_BLOCK_CAPTURE_AUTORELEASING = YES;
				CLANG_WARN_BOOL_CONVERSION = YES;
				CLANG_WARN_COMMA = YES;
				CLANG_WARN_CONSTANT_CONVERSION = YES;
				CLANG_WARN_DEPRECATED_OBJC_IMPLEMENTATIONS = YES;
				CLANG_WARN_DIRECT_OBJC_ISA_USAGE = YES_ERROR;
				CLANG_WARN_DOCUMENTATION_COMMENTS = YES;
				CLANG_WARN_EMPTY_BODY = YES;
				CLANG_WARN_ENUM_CONVERSION = YES;
				CLANG_WARN_INFINITE_RECURSION = YES;
				CLANG_WARN_INT_CONVERSION = YES;
				CLANG_WARN_NON_LITERAL_NULL_CONVERSION = YES;
				CLANG_WARN_OBJC_IMPLICIT_RETAIN_SELF = YES;
				CLANG_WARN_OBJC_LITERAL_CONVERSION = YES;
				CLANG_WARN_OBJC_ROOT_CLASS = YES_ERROR;
				CLANG_WARN_RANGE_LOOP_ANALYSIS = YES;
				CLANG_WARN_STRICT_PROTOTYPES = YES;
				CLANG_WARN_SUSPICIOUS_MOVE = YES;
				CLANG_WARN_UNGUARDED_AVAILABILITY = YES_AGGRESSIVE;
				CLANG_WARN_UNREACHABLE_CODE = YES;
				CLANG_WARN__DUPLICATE_METHOD_MATCH = YES;
				CODE_SIGN_IDENTITY = "iPhone Developer";
				COPY_PHASE_STRIP = NO;
				DEBUG_INFORMATION_FORMAT = dwarf;
				ENABLE_STRICT_OBJC_MSGSEND = YES;
				ENABLE_TESTABILITY = YES;
				GCC_C_LANGUAGE_STANDARD = gnu11;
				GCC_DYNAMIC_NO_PIC = NO;
				GCC_NO_COMMON_BLOCKS = YES;
				GCC_OPTIMIZATION_LEVEL = 0;
				GCC_PREPROCESSOR_DEFINITIONS = (
					"DEBUG=1",
					"$(inherited)",
				);
				GCC_WARN_64_TO_32_BIT_CONVERSION = YES;
				GCC_WARN_ABOUT_RETURN_TYPE = YES_ERROR;
				GCC_WARN_UNDECLARED_SELECTOR = YES;
				GCC_WARN_UNINITIALIZED_AUTOS = YES_AGGRESSIVE;
				GCC_WARN_UNUSED_FUNCTION = YES;
				GCC_WARN_UNUSED_VARIABLE = YES;
				IPHONEOS_DEPLOYMENT_TARGET = 11.1;
				MTL_ENABLE_DEBUG_INFO = INCLUDE_SOURCE;
				MTL_FAST_MATH = YES;
				ONLY_ACTIVE_ARCH = YES;
				SDKROOT = iphoneos;
				SWIFT_ACTIVE_COMPILATION_CONDITIONS = DEBUG;
				SWIFT_OPTIMIZATION_LEVEL = "-Onone";
			};
			name = Debug;
		};
		B2FC8F0922CA1FBE008CE65C /* Release */ = {
			isa = XCBuildConfiguration;
			buildSettings = {
				ALWAYS_SEARCH_USER_PATHS = NO;
				CLANG_ANALYZER_LOCALIZABILITY_NONLOCALIZED = YES;
				CLANG_ANALYZER_NONNULL = YES;
				CLANG_ANALYZER_NUMBER_OBJECT_CONVERSION = YES_AGGRESSIVE;
				CLANG_CXX_LANGUAGE_STANDARD = "gnu++14";
				CLANG_CXX_LIBRARY = "libc++";
				CLANG_ENABLE_MODULES = YES;
				CLANG_ENABLE_OBJC_ARC = YES;
				CLANG_ENABLE_OBJC_WEAK = YES;
				CLANG_WARN_BLOCK_CAPTURE_AUTORELEASING = YES;
				CLANG_WARN_BOOL_CONVERSION = YES;
				CLANG_WARN_COMMA = YES;
				CLANG_WARN_CONSTANT_CONVERSION = YES;
				CLANG_WARN_DEPRECATED_OBJC_IMPLEMENTATIONS = YES;
				CLANG_WARN_DIRECT_OBJC_ISA_USAGE = YES_ERROR;
				CLANG_WARN_DOCUMENTATION_COMMENTS = YES;
				CLANG_WARN_EMPTY_BODY = YES;
				CLANG_WARN_ENUM_CONVERSION = YES;
				CLANG_WARN_INFINITE_RECURSION = YES;
				CLANG_WARN_INT_CONVERSION = YES;
				CLANG_WARN_NON_LITERAL_NULL_CONVERSION = YES;
				CLANG_WARN_OBJC_IMPLICIT_RETAIN_SELF = YES;
				CLANG_WARN_OBJC_LITERAL_CONVERSION = YES;
				CLANG_WARN_OBJC_ROOT_CLASS = YES_ERROR;
				CLANG_WARN_RANGE_LOOP_ANALYSIS = YES;
				CLANG_WARN_STRICT_PROTOTYPES = YES;
				CLANG_WARN_SUSPICIOUS_MOVE = YES;
				CLANG_WARN_UNGUARDED_AVAILABILITY = YES_AGGRESSIVE;
				CLANG_WARN_UNREACHABLE_CODE = YES;
				CLANG_WARN__DUPLICATE_METHOD_MATCH = YES;
				CODE_SIGN_IDENTITY = "iPhone Developer";
				COPY_PHASE_STRIP = NO;
				DEBUG_INFORMATION_FORMAT = "dwarf-with-dsym";
				ENABLE_NS_ASSERTIONS = NO;
				ENABLE_STRICT_OBJC_MSGSEND = YES;
				GCC_C_LANGUAGE_STANDARD = gnu11;
				GCC_NO_COMMON_BLOCKS = YES;
				GCC_WARN_64_TO_32_BIT_CONVERSION = YES;
				GCC_WARN_ABOUT_RETURN_TYPE = YES_ERROR;
				GCC_WARN_UNDECLARED_SELECTOR = YES;
				GCC_WARN_UNINITIALIZED_AUTOS = YES_AGGRESSIVE;
				GCC_WARN_UNUSED_FUNCTION = YES;
				GCC_WARN_UNUSED_VARIABLE = YES;
				IPHONEOS_DEPLOYMENT_TARGET = 11.1;
				MTL_ENABLE_DEBUG_INFO = NO;
				MTL_FAST_MATH = YES;
				SDKROOT = iphoneos;
				SWIFT_COMPILATION_MODE = wholemodule;
				SWIFT_OPTIMIZATION_LEVEL = "-O";
				VALIDATE_PRODUCT = YES;
			};
			name = Release;
		};
		B2FC8F0B22CA1FBE008CE65C /* Debug */ = {
			isa = XCBuildConfiguration;
			baseConfigurationReference = 633F27CAC33C5B685297B670 /* Pods-HoneyBits.debug.xcconfig */;
			buildSettings = {
				ASSETCATALOG_COMPILER_APPICON_NAME = AppIcon;
				CODE_SIGN_STYLE = Automatic;
				DEVELOPMENT_TEAM = 755JV5Z68F;
				INFOPLIST_FILE = HoneyBits/Info.plist;
				IPHONEOS_DEPLOYMENT_TARGET = 11.0;
				LD_RUNPATH_SEARCH_PATHS = (
					"$(inherited)",
					"@executable_path/Frameworks",
				);
				PRODUCT_BUNDLE_IDENTIFIER = com.juandozuna.HoneyBits;
				PRODUCT_NAME = "$(TARGET_NAME)";
				SWIFT_VERSION = 5.0;
				TARGETED_DEVICE_FAMILY = 1;
			};
			name = Debug;
		};
		B2FC8F0C22CA1FBE008CE65C /* Release */ = {
			isa = XCBuildConfiguration;
			baseConfigurationReference = AF08A3412DFB48B7CEC50E1A /* Pods-HoneyBits.release.xcconfig */;
			buildSettings = {
				ASSETCATALOG_COMPILER_APPICON_NAME = AppIcon;
				CODE_SIGN_STYLE = Automatic;
				DEVELOPMENT_TEAM = 755JV5Z68F;
				INFOPLIST_FILE = HoneyBits/Info.plist;
				IPHONEOS_DEPLOYMENT_TARGET = 11.0;
				LD_RUNPATH_SEARCH_PATHS = (
					"$(inherited)",
					"@executable_path/Frameworks",
				);
				PRODUCT_BUNDLE_IDENTIFIER = com.juandozuna.HoneyBits;
				PRODUCT_NAME = "$(TARGET_NAME)";
				SWIFT_VERSION = 5.0;
				TARGETED_DEVICE_FAMILY = 1;
			};
			name = Release;
		};
		B2FC8F0E22CA1FBE008CE65C /* Debug */ = {
			isa = XCBuildConfiguration;
			baseConfigurationReference = 979A26B3C22A87F960576887 /* Pods-HoneyBitsTests.debug.xcconfig */;
			buildSettings = {
				ALWAYS_EMBED_SWIFT_STANDARD_LIBRARIES = YES;
				BUNDLE_LOADER = "$(TEST_HOST)";
				CODE_SIGN_STYLE = Automatic;
				DEVELOPMENT_TEAM = 755JV5Z68F;
				INFOPLIST_FILE = HoneyBitsTests/Info.plist;
				LD_RUNPATH_SEARCH_PATHS = (
					"$(inherited)",
					"@executable_path/Frameworks",
					"@loader_path/Frameworks",
				);
				PRODUCT_BUNDLE_IDENTIFIER = com.juandozuna.HoneyBitsTests;
				PRODUCT_NAME = "$(TARGET_NAME)";
				SWIFT_VERSION = 5.0;
				TARGETED_DEVICE_FAMILY = "1,2";
				TEST_HOST = "$(BUILT_PRODUCTS_DIR)/HoneyBits.app/HoneyBits";
			};
			name = Debug;
		};
		B2FC8F0F22CA1FBE008CE65C /* Release */ = {
			isa = XCBuildConfiguration;
			baseConfigurationReference = 1E5BFC44C36379A4C726E008 /* Pods-HoneyBitsTests.release.xcconfig */;
			buildSettings = {
				ALWAYS_EMBED_SWIFT_STANDARD_LIBRARIES = YES;
				BUNDLE_LOADER = "$(TEST_HOST)";
				CODE_SIGN_STYLE = Automatic;
				DEVELOPMENT_TEAM = 755JV5Z68F;
				INFOPLIST_FILE = HoneyBitsTests/Info.plist;
				LD_RUNPATH_SEARCH_PATHS = (
					"$(inherited)",
					"@executable_path/Frameworks",
					"@loader_path/Frameworks",
				);
				PRODUCT_BUNDLE_IDENTIFIER = com.juandozuna.HoneyBitsTests;
				PRODUCT_NAME = "$(TARGET_NAME)";
				SWIFT_VERSION = 5.0;
				TARGETED_DEVICE_FAMILY = "1,2";
				TEST_HOST = "$(BUILT_PRODUCTS_DIR)/HoneyBits.app/HoneyBits";
			};
			name = Release;
		};
		B2FC8F1122CA1FBE008CE65C /* Debug */ = {
			isa = XCBuildConfiguration;
			baseConfigurationReference = 6E8B7938B853F1FCAA65E470 /* Pods-HoneyBitsUITests.debug.xcconfig */;
			buildSettings = {
				ALWAYS_EMBED_SWIFT_STANDARD_LIBRARIES = YES;
				CODE_SIGN_STYLE = Automatic;
				DEVELOPMENT_TEAM = 755JV5Z68F;
				INFOPLIST_FILE = HoneyBitsUITests/Info.plist;
				LD_RUNPATH_SEARCH_PATHS = (
					"$(inherited)",
					"@executable_path/Frameworks",
					"@loader_path/Frameworks",
				);
				PRODUCT_BUNDLE_IDENTIFIER = com.juandozuna.HoneyBitsUITests;
				PRODUCT_NAME = "$(TARGET_NAME)";
				SWIFT_VERSION = 5.0;
				TARGETED_DEVICE_FAMILY = "1,2";
				TEST_TARGET_NAME = HoneyBits;
			};
			name = Debug;
		};
		B2FC8F1222CA1FBE008CE65C /* Release */ = {
			isa = XCBuildConfiguration;
			baseConfigurationReference = 7AD7B5CBD81DB024E79092E7 /* Pods-HoneyBitsUITests.release.xcconfig */;
			buildSettings = {
				ALWAYS_EMBED_SWIFT_STANDARD_LIBRARIES = YES;
				CODE_SIGN_STYLE = Automatic;
				DEVELOPMENT_TEAM = 755JV5Z68F;
				INFOPLIST_FILE = HoneyBitsUITests/Info.plist;
				LD_RUNPATH_SEARCH_PATHS = (
					"$(inherited)",
					"@executable_path/Frameworks",
					"@loader_path/Frameworks",
				);
				PRODUCT_BUNDLE_IDENTIFIER = com.juandozuna.HoneyBitsUITests;
				PRODUCT_NAME = "$(TARGET_NAME)";
				SWIFT_VERSION = 5.0;
				TARGETED_DEVICE_FAMILY = "1,2";
				TEST_TARGET_NAME = HoneyBits;
			};
			name = Release;
		};
/* End XCBuildConfiguration section */

/* Begin XCConfigurationList section */
		B2FC8EDD22CA1FBD008CE65C /* Build configuration list for PBXProject "HoneyBits" */ = {
			isa = XCConfigurationList;
			buildConfigurations = (
				B2FC8F0822CA1FBE008CE65C /* Debug */,
				B2FC8F0922CA1FBE008CE65C /* Release */,
			);
			defaultConfigurationIsVisible = 0;
			defaultConfigurationName = Release;
		};
		B2FC8F0A22CA1FBE008CE65C /* Build configuration list for PBXNativeTarget "HoneyBits" */ = {
			isa = XCConfigurationList;
			buildConfigurations = (
				B2FC8F0B22CA1FBE008CE65C /* Debug */,
				B2FC8F0C22CA1FBE008CE65C /* Release */,
			);
			defaultConfigurationIsVisible = 0;
			defaultConfigurationName = Release;
		};
		B2FC8F0D22CA1FBE008CE65C /* Build configuration list for PBXNativeTarget "HoneyBitsTests" */ = {
			isa = XCConfigurationList;
			buildConfigurations = (
				B2FC8F0E22CA1FBE008CE65C /* Debug */,
				B2FC8F0F22CA1FBE008CE65C /* Release */,
			);
			defaultConfigurationIsVisible = 0;
			defaultConfigurationName = Release;
		};
		B2FC8F1022CA1FBE008CE65C /* Build configuration list for PBXNativeTarget "HoneyBitsUITests" */ = {
			isa = XCConfigurationList;
			buildConfigurations = (
				B2FC8F1122CA1FBE008CE65C /* Debug */,
				B2FC8F1222CA1FBE008CE65C /* Release */,
			);
			defaultConfigurationIsVisible = 0;
			defaultConfigurationName = Release;
		};
/* End XCConfigurationList section */
	};
	rootObject = B2FC8EDA22CA1FBD008CE65C /* Project object */;
}
